{
  "pins" : [
    {
      "identity" : "swift-http",
      "kind" : "remoteSourceControl",
      "location" : "https://github.com/binarybirds/swift-http",
      "state" : {
        "revision" : "512f5e31cac5753dbf40a00f8612235152c27c68",
        "version" : "1.0.1"
      }
    }
  ],
  "version" : 2
}
