{
  "pins" : [
    {
      "identity" : "multipartformdatakit",
      "kind" : "remoteSourceControl",
      "location" : "https://github.com/Kuniwak/MultipartFormDataKit.git",
      "state" : {
        "revision" : "27bf281a9adfd742fa2fb3318c176dcc7a111599",
        "version" : "1.0.1"
      }
    },
    {
      "identity" : "simplecoders",
      "kind" : "remoteSourceControl",
      "location" : "https://github.com/dankinsoid/SimpleCoders.git",
      "state" : {
        "revision" : "851020895e17b77180234a465c2d8b8050f11ca0",
        "version" : "1.2.0"
      }
    },
    {
      "identity" : "swift-async-algorithms",
      "kind" : "remoteSourceControl",
      "location" : "https://github.com/apple/swift-async-algorithms.git",
      "state" : {
        "revision" : "98d42293179ddd7f8c516eae8bec7b4e014d911a",
        "version" : "0.0.1"
      }
    },
    {
      "identity" : "swift-html-entities",
      "kind" : "remoteSourceControl",
      "location" : "https://github.com/Kitura/swift-html-entities.git",
      "state" : {
        "revision" : "2b14531d0c36dbb7c1c45a4d38db9c2e7898a307",
        "version" : "3.0.200"
      }
    },
    {
      "identity" : "swift-http",
      "kind" : "remoteSourceControl",
      "location" : "https://github.com/dankinsoid/swift-http",
      "state" : {
        "revision" : "ad603fa1c4707b834344d1f641426df9d757b8f9",
        "version" : "1.0.5"
      }
    },
    {
      "identity" : "swiftsoup",
      "kind" : "remoteSourceControl",
      "location" : "https://github.com/scinfu/SwiftSoup.git",
      "state" : {
        "revision" : "41e7c263fb8c277e980ebcb9b0b5f6031d3d4886",
        "version" : "2.4.2"
      }
    },
    {
      "identity" : "vdcodable",
      "kind" : "remoteSourceControl",
      "location" : "https://github.com/dankinsoid/VDCodable",
      "state" : {
        "revision" : "9fb2c81036253593b5864557325e014fa2177d62",
        "version" : "2.10.0"
      }
    }
  ],
  "version" : 2
}
